
Microsoft Visual Studio Solution File, Format Version 12.00
# Visual Studio Version 17
VisualStudioVersion = 17.14.36414.22
MinimumVisualStudioVersion = 10.0.40219.1
Project("{54A90642-561A-4BB1-A94E-469ADEE60C69}") = "reactapp1_test001.client", "reactapp1_test001.client\reactapp1_test001.client.esproj", "{3FFC24A5-4134-CC60-5755-69B80A2ECF66}"
EndProject
Project("{FAE04EC0-301F-11D3-BF4B-00C04F79EFBC}") = "ReactApp1_Test001.Server", "ReactApp1_Test001.Server\ReactApp1_Test001.Server.csproj", "{E2597259-6A0C-4A5C-A42B-2447F90869A9}"
EndProject
Global
	GlobalSection(SolutionConfigurationPlatforms) = preSolution
		Debug|Any CPU = Debug|Any CPU
		Release|Any CPU = Release|Any CPU
	EndGlobalSection
	GlobalSection(ProjectConfigurationPlatforms) = postSolution
		{3FFC24A5-4134-CC60-5755-69B80A2ECF66}.Debug|Any CPU.ActiveCfg = Debug|Any CPU
		{3FFC24A5-4134-CC60-5755-69B80A2ECF66}.Debug|Any CPU.Build.0 = Debug|Any CPU
		{3FFC24A5-4134-CC60-5755-69B80A2ECF66}.Debug|Any CPU.Deploy.0 = Debug|Any CPU
		{3FFC24A5-4134-CC60-5755-69B80A2ECF66}.Release|Any CPU.ActiveCfg = Release|Any CPU
		{3FFC24A5-4134-CC60-5755-69B80A2ECF66}.Release|Any CPU.Build.0 = Release|Any CPU
		{3FFC24A5-4134-CC60-5755-69B80A2ECF66}.Release|Any CPU.Deploy.0 = Release|Any CPU
		{E2597259-6A0C-4A5C-A42B-2447F90869A9}.Debug|Any CPU.ActiveCfg = Debug|Any CPU
		{E2597259-6A0C-4A5C-A42B-2447F90869A9}.Debug|Any CPU.Build.0 = Debug|Any CPU
		{E2597259-6A0C-4A5C-A42B-2447F90869A9}.Release|Any CPU.ActiveCfg = Release|Any CPU
		{E2597259-6A0C-4A5C-A42B-2447F90869A9}.Release|Any CPU.Build.0 = Release|Any CPU
	EndGlobalSection
	GlobalSection(SolutionProperties) = preSolution
		HideSolutionNode = FALSE
	EndGlobalSection
	GlobalSection(ExtensibilityGlobals) = postSolution
		SolutionGuid = {F98C77C8-ECE5-44EC-AEFD-0C53AB45D511}
	EndGlobalSection
EndGlobal
